Microsoft Visual Studio Solution File, Format Version 12.00
# Visual Studio 2012
Project("{FAE04EC0-301F-11D3-BF4B-00C04F79EFBC}") = "network-test", "network-test.csproj", "{B5902754-2D2B-474E-8D40-2324B43CD860}"
EndProject
Global
	GlobalSection(SolutionConfigurationPlatforms) = preSolution
	Debug|Any CPU = Debug|Any CPU
	ExportDebug|Any CPU = ExportDebug|Any CPU
	ExportRelease|Any CPU = ExportRelease|Any CPU
	EndGlobalSection
	GlobalSection(ProjectConfigurationPlatforms) = postSolution
		{B5902754-2D2B-474E-8D40-2324B43CD860}.Debug|Any CPU.ActiveCfg = Debug|Any CPU
		{B5902754-2D2B-474E-8D40-2324B43CD860}.Debug|Any CPU.Build.0 = Debug|Any CPU
		{B5902754-2D2B-474E-8D40-2324B43CD860}.ExportDebug|Any CPU.ActiveCfg = ExportDebug|Any CPU
		{B5902754-2D2B-474E-8D40-2324B43CD860}.ExportDebug|Any CPU.Build.0 = ExportDebug|Any CPU
		{B5902754-2D2B-474E-8D40-2324B43CD860}.ExportRelease|Any CPU.ActiveCfg = ExportRelease|Any CPU
		{B5902754-2D2B-474E-8D40-2324B43CD860}.ExportRelease|Any CPU.Build.0 = ExportRelease|Any CPU
	EndGlobalSection
EndGlobal
